PODS:
  - AFNetworking (3.1.0):
    - AFNetworking/NSURLSession (= 3.1.0)
    - AFNetworking/Reachability (= 3.1.0)
    - AFNetworking/Security (= 3.1.0)
    - AFNetworking/Serialization (= 3.1.0)
    - AFNetworking/UIKit (= 3.1.0)
  - AFNetworking/NSURLSession (3.1.0):
    - AFNetworking/Reachability
    - AFNetworking/Security
    - AFNetworking/Serialization
  - AFNetworking/Reachability (3.1.0)
  - AFNetworking/Security (3.1.0)
  - AFNetworking/Serialization (3.1.0)
  - AFNetworking/UIKit (3.1.0):
    - AFNetworking/NSURLSession
  - AppTaoLu (0.2.0):
    - SDWebImage (~> 4)
    - TLRemoteConfig (~> 0.1.0)
  - SDWebImage (4.0.0):
    - SDWebImage/Core (= 4.0.0)
  - SDWebImage/Core (4.0.0)
  - TLRemoteConfig (0.1.0):
    - AFNetworking (~> 3)

DEPENDENCIES:
  - AppTaoLu (from `../`)

EXTERNAL SOURCES:
  AppTaoLu:
    :path: "../"

SPEC CHECKSUMS:
  AFNetworking: 5e0e199f73d8626b11e79750991f5d173d1f8b67
  AppTaoLu: 074370b471de895432aa41b3a4c9bf0913a3c150
  SDWebImage: 76a6348bdc74eb5a55dd08a091ef298e56b55e41
  TLRemoteConfig: 88a61037a2aaeb182680965481aef639ef376b39

PODFILE CHECKSUM: dd10ff3aa474ef115efb5ca467e9b87188310bdd

COCOAPODS: 1.2.0
